
Microsoft Visual Studio Solution File, Format Version 12.00
Project("{FAE04EC0-301F-11D3-BF4B-00C04F79EFBC}") = "TaskManager", "TaskManager\TaskManager.csproj", "{92D5C5BE-6262-44F4-897F-494AAEFFC934}"
EndProject
Project("{FAE04EC0-301F-11D3-BF4B-00C04F79EFBC}") = "TaskManager.Domain", "TaskManager.Domain\TaskManager.Domain.csproj", "{40D1E7E9-FD78-438A-B2F4-8BBF1B8F088C}"
EndProject
Project("{FAE04EC0-301F-11D3-BF4B-00C04F79EFBC}") = "TaskManager.Infrastructure", "TaskManager.Infrastructure\TaskManager.Infrastructure.csproj", "{31F8C5A3-7CEB-4F65-A65A-6B2D65D80FA7}"
EndProject
Project("{FAE04EC0-301F-11D3-BF4B-00C04F79EFBC}") = "TaskManager.Application", "TaskManager.Application\TaskManager.Application.csproj", "{C1314DBD-1976-4325-9719-4413FABC5AED}"
EndProject
Global
	GlobalSection(SolutionConfigurationPlatforms) = preSolution
		Debug|Any CPU = Debug|Any CPU
		Release|Any CPU = Release|Any CPU
	EndGlobalSection
	GlobalSection(ProjectConfigurationPlatforms) = postSolution
		{92D5C5BE-6262-44F4-897F-494AAEFFC934}.Debug|Any CPU.ActiveCfg = Debug|Any CPU
		{92D5C5BE-6262-44F4-897F-494AAEFFC934}.Debug|Any CPU.Build.0 = Debug|Any CPU
		{92D5C5BE-6262-44F4-897F-494AAEFFC934}.Release|Any CPU.ActiveCfg = Release|Any CPU
		{92D5C5BE-6262-44F4-897F-494AAEFFC934}.Release|Any CPU.Build.0 = Release|Any CPU
		{40D1E7E9-FD78-438A-B2F4-8BBF1B8F088C}.Debug|Any CPU.ActiveCfg = Debug|Any CPU
		{40D1E7E9-FD78-438A-B2F4-8BBF1B8F088C}.Debug|Any CPU.Build.0 = Debug|Any CPU
		{40D1E7E9-FD78-438A-B2F4-8BBF1B8F088C}.Release|Any CPU.ActiveCfg = Release|Any CPU
		{40D1E7E9-FD78-438A-B2F4-8BBF1B8F088C}.Release|Any CPU.Build.0 = Release|Any CPU
		{31F8C5A3-7CEB-4F65-A65A-6B2D65D80FA7}.Debug|Any CPU.ActiveCfg = Debug|Any CPU
		{31F8C5A3-7CEB-4F65-A65A-6B2D65D80FA7}.Debug|Any CPU.Build.0 = Debug|Any CPU
		{31F8C5A3-7CEB-4F65-A65A-6B2D65D80FA7}.Release|Any CPU.ActiveCfg = Release|Any CPU
		{31F8C5A3-7CEB-4F65-A65A-6B2D65D80FA7}.Release|Any CPU.Build.0 = Release|Any CPU
		{C1314DBD-1976-4325-9719-4413FABC5AED}.Debug|Any CPU.ActiveCfg = Debug|Any CPU
		{C1314DBD-1976-4325-9719-4413FABC5AED}.Debug|Any CPU.Build.0 = Debug|Any CPU
		{C1314DBD-1976-4325-9719-4413FABC5AED}.Release|Any CPU.ActiveCfg = Release|Any CPU
		{C1314DBD-1976-4325-9719-4413FABC5AED}.Release|Any CPU.Build.0 = Release|Any CPU
	EndGlobalSection
EndGlobal
